
Microsoft Visual Studio Solution File, Format Version 12.00
# Visual Studio 15
VisualStudioVersion = 15.0.28010.2016
MinimumVisualStudioVersion = 10.0.40219.1
Project("{FAE04EC0-301F-11D3-BF4B-00C04F79EFBC}") = "Ex11-Temperature", "Ex11-Temperature\Ex11-Temperature.csproj", "{ADB02B38-8AF3-42DE-A2E8-4EE323539466}"
EndProject
Project("{FAE04EC0-301F-11D3-BF4B-00C04F79EFBC}") = "UnitTestProject1", "UnitTestProject1\UnitTestProject1.csproj", "{7F13FCCE-FF1F-46E9-B7EB-44DEE88A500E}"
EndProject
Global
	GlobalSection(SolutionConfigurationPlatforms) = preSolution
		Debug|Any CPU = Debug|Any CPU
		Release|Any CPU = Release|Any CPU
	EndGlobalSection
	GlobalSection(ProjectConfigurationPlatforms) = postSolution
		{ADB02B38-8AF3-42DE-A2E8-4EE323539466}.Debug|Any CPU.ActiveCfg = Debug|Any CPU
		{ADB02B38-8AF3-42DE-A2E8-4EE323539466}.Debug|Any CPU.Build.0 = Debug|Any CPU
		{ADB02B38-8AF3-42DE-A2E8-4EE323539466}.Release|Any CPU.ActiveCfg = Release|Any CPU
		{ADB02B38-8AF3-42DE-A2E8-4EE323539466}.Release|Any CPU.Build.0 = Release|Any CPU
		{7F13FCCE-FF1F-46E9-B7EB-44DEE88A500E}.Debug|Any CPU.ActiveCfg = Debug|Any CPU
		{7F13FCCE-FF1F-46E9-B7EB-44DEE88A500E}.Debug|Any CPU.Build.0 = Debug|Any CPU
		{7F13FCCE-FF1F-46E9-B7EB-44DEE88A500E}.Release|Any CPU.ActiveCfg = Release|Any CPU
		{7F13FCCE-FF1F-46E9-B7EB-44DEE88A500E}.Release|Any CPU.Build.0 = Release|Any CPU
	EndGlobalSection
	GlobalSection(SolutionProperties) = preSolution
		HideSolutionNode = FALSE
	EndGlobalSection
	GlobalSection(ExtensibilityGlobals) = postSolution
		SolutionGuid = {D28DA972-27E3-48F8-A2A1-DEE6B3B6C3F6}
	EndGlobalSection
EndGlobal
